# This file was autogenerated by Stack.
# You should not edit this file by hand.
# For more information, please see the documentation at:
#   https://docs.haskellstack.org/en/stable/lock_files

packages: []
snapshots:
- completed:
    size: 489257
    url: https://raw.githubusercontent.com/commercialhaskell/stackage-snapshots/master/nightly/2018/12/9.yaml
    sha256: f84c761707708a61fa1437dcc296c0a3451d8e1f59e32600746a02b65a67b586
  original: nightly-2018-12-09
